hash: bef95ddb2917301835f9b3ec47d19cf7c803ec85d711aa65aba3d2c22d8a4eda
updated: 2017-08-03T14:09:06.843736825+01:00
imports:
- name: code.cloudfoundry.org/cli
  version: 3b81b97209bed77c6c75c144dd1eb282be507b72
  subpackages:
  - plugin/models
- name: github.com/cloudfoundry/cli
  version: ff886fa93fa3e056c95fe533d9681fbe6ae4c11a
  subpackages:
  - cf/flags
  - plugin
- name: github.com/olebedev/config
  version: 142c005175618f9116a60676c4eec0b3859f4afe
- name: gopkg.in/yaml.v2
  version: a5b47d31c556af34a302ce5d659e6fea44d90de0
  repo: https://gopkg.in/yaml.v2
testImports:
- name: github.com/DATA-DOG/godog
  version: 70f777599da0f5de682b8848d356611c1738b695
  subpackages:
  - colors
  - gherkin
